{
  "name": "gratitude-planner-docs",
  "version": "0.0.0",
  "lockfileVersion": 3,
  "requires": true,
  "packages": {
    "": {
      "name": "gratitude-planner-docs",
      "version": "0.0.0",
      "license": "MIT",
      "dependencies": {
        "envinfo": "file:packages/envinfo",
        "eslint": "file:packages/eslint",
        "markdownlint": "file:packages/markdownlint",
        "typescript": "file:packages/typescript"
      },
      "engines": {
        "node": ">=18"
      }
    },
    "node_modules/envinfo": {
      "resolved": "packages/envinfo",
      "link": true
    },
    "node_modules/eslint": {
      "resolved": "packages/eslint",
      "link": true
    },
    "node_modules/markdownlint": {
      "resolved": "packages/markdownlint",
      "link": true
    },
    "node_modules/typescript": {
      "resolved": "packages/typescript",
      "link": true
    },
    "packages/envinfo": {
      "version": "0.0.0-shim",
      "bin": {
        "envinfo": "bin/envinfo.js"
      }
    },
    "packages/eslint": {
      "version": "0.0.0-shim",
      "bin": {
        "eslint": "bin/eslint.js"
      }
    },
    "packages/markdownlint": {
      "version": "0.0.0-local",
      "bin": {
        "markdownlint": "bin/markdownlint.js"
      }
    },
    "packages/typescript": {
      "version": "0.0.0-shim",
      "bin": {
        "tsc": "bin/tsc"
      }
    }
  }
}
